
Microsoft Visual Studio Solution File, Format Version 12.00
# Visual Studio Version 17
VisualStudioVersion = 17.8.34525.116
MinimumVisualStudioVersion = 10.0.40219.1
Project("{FAE04EC0-301F-11D3-BF4B-00C04F79EFBC}") = "Uppgift 6", "Uppgift 6\Uppgift 6.csproj", "{BD62B98A-8E79-4354-AA14-CC96DFE04537}"
EndProject
Global
	GlobalSection(SolutionConfigurationPlatforms) = preSolution
		Debug|Any CPU = Debug|Any CPU
		Release|Any CPU = Release|Any CPU
	EndGlobalSection
	GlobalSection(ProjectConfigurationPlatforms) = postSolution
		{BD62B98A-8E79-4354-AA14-CC96DFE04537}.Debug|Any CPU.ActiveCfg = Debug|Any CPU
		{BD62B98A-8E79-4354-AA14-CC96DFE04537}.Debug|Any CPU.Build.0 = Debug|Any CPU
		{BD62B98A-8E79-4354-AA14-CC96DFE04537}.Release|Any CPU.ActiveCfg = Release|Any CPU
		{BD62B98A-8E79-4354-AA14-CC96DFE04537}.Release|Any CPU.Build.0 = Release|Any CPU
	EndGlobalSection
	GlobalSection(SolutionProperties) = preSolution
		HideSolutionNode = FALSE
	EndGlobalSection
	GlobalSection(ExtensibilityGlobals) = postSolution
		SolutionGuid = {495B2259-6E72-471A-A11F-311E47AEA929}
	EndGlobalSection
EndGlobal
